<?xml version="1.0" encoding="utf-8"?>
<Project ToolsVersion="4.0" xmlns="http://schemas.microsoft.com/developer/msbuild/2003">
  <ItemGroup>
    <ClCompile Include="info.cpp" />
    <ClCompile Include="main.cpp" />
    <ClCompile Include="GameManager.cpp">
      <Filter>01.GameManager</Filter>
    </ClCompile>
    <ClCompile Include="Battle.cpp">
      <Filter>02.Battle</Filter>
    </ClCompile>
    <ClCompile Include="BattleManager.cpp">
      <Filter>02.Battle</Filter>
    </ClCompile>
    <ClCompile Include="StoreManager.cpp">
      <Filter>03.Store</Filter>
    </ClCompile>
    <ClCompile Include="InventoryManager.cpp">
      <Filter>04.Inventory</Filter>
    </ClCompile>
  </ItemGroup>
  <ItemGroup>
    <ClInclude Include="info.h" />
    <ClInclude Include="Battle.h">
      <Filter>02.Battle</Filter>
    </ClInclude>
    <ClInclude Include="BattleManager.h">
      <Filter>02.Battle</Filter>
    </ClInclude>
    <ClInclude Include="GameManager.h">
      <Filter>01.GameManager</Filter>
    </ClInclude>
    <ClInclude Include="StoreManager.h">
      <Filter>03.Store</Filter>
    </ClInclude>
    <ClInclude Include="InventoryManager.h">
      <Filter>04.Inventory</Filter>
    </ClInclude>
  </ItemGroup>
  <ItemGroup>
    <Filter Include="01.GameManager">
      <UniqueIdentifier>{814f5cea-099d-4fac-8c86-309d6709254c}</UniqueIdentifier>
    </Filter>
    <Filter Include="02.Battle">
      <UniqueIdentifier>{d1715fd3-5aea-4deb-9b03-02bbbc80bb2e}</UniqueIdentifier>
    </Filter>
    <Filter Include="03.Store">
      <UniqueIdentifier>{a51c4df1-6499-4c4a-84ef-7ab7f3e25ed6}</UniqueIdentifier>
    </Filter>
    <Filter Include="04.Inventory">
      <UniqueIdentifier>{4cccf835-db53-44e4-83de-2de977d7ebe4}</UniqueIdentifier>
    </Filter>
  </ItemGroup>
</Project>